// !$*UTF8*$!
{
	archiveVersion = 1;
	classes = {
	};
	objectVersion = 56;
	objects = {

/* Begin PBXBuildFile section */
		B63A7FD72BB2989000B23ED6 /* AppDelegate.swift in Sources */ = {isa = PBXBuildFile; fileRef = B63A7FD62BB2989000B23ED6 /* AppDelegate.swift */; };
		B63A7FD92BB2989000B23ED6 /* SceneDelegate.swift in Sources */ = {isa = PBXBuildFile; fileRef = B63A7FD82BB2989000B23ED6 /* SceneDelegate.swift */; };
		B63A7FE02BB2989100B23ED6 /* Assets.xcassets in Resources */ = {isa = PBXBuildFile; fileRef = B63A7FDF2BB2989100B23ED6 /* Assets.xcassets */; };
		B63A7FE32BB2989100B23ED6 /* LaunchScreen.storyboard in Resources */ = {isa = PBXBuildFile; fileRef = B63A7FE12BB2989100B23ED6 /* LaunchScreen.storyboard */; };
		B63A7FEE2BB2A18C00B23ED6 /* PUTabBarController.swift in Sources */ = {isa = PBXBuildFile; fileRef = B63A7FED2BB2A18C00B23ED6 /* PUTabBarController.swift */; };
		B63A7FF32BB2A2B300B23ED6 /* HomeVC.swift in Sources */ = {isa = PBXBuildFile; fileRef = B63A7FF22BB2A2B300B23ED6 /* HomeVC.swift */; };
		B63A7FF52BB2A2C100B23ED6 /* FavoritesVC.swift in Sources */ = {isa = PBXBuildFile; fileRef = B63A7FF42BB2A2C100B23ED6 /* FavoritesVC.swift */; };
		B63A7FF92BB2A9BF00B23ED6 /* CoreService.swift in Sources */ = {isa = PBXBuildFile; fileRef = B63A7FF82BB2A9BF00B23ED6 /* CoreService.swift */; };
		B63A7FFB2BB2B70900B23ED6 /* NetworkError.swift in Sources */ = {isa = PBXBuildFile; fileRef = B63A7FFA2BB2B70900B23ED6 /* NetworkError.swift */; };
		B63A80012BB2BB9000B23ED6 /* PokemonService.swift in Sources */ = {isa = PBXBuildFile; fileRef = B63A80002BB2BB9000B23ED6 /* PokemonService.swift */; };
		B63A80032BB2BBA700B23ED6 /* PokemonEndpoint.swift in Sources */ = {isa = PBXBuildFile; fileRef = B63A80022BB2BBA700B23ED6 /* PokemonEndpoint.swift */; };
		B63A80072BB2CD0400B23ED6 /* Pokemon.swift in Sources */ = {isa = PBXBuildFile; fileRef = B63A80062BB2CD0400B23ED6 /* Pokemon.swift */; };
		B63A80092BB2E99E00B23ED6 /* HomeVM.swift in Sources */ = {isa = PBXBuildFile; fileRef = B63A80082BB2E99E00B23ED6 /* HomeVM.swift */; };
		B63A800C2BB2EB0900B23ED6 /* UIHelper.swift in Sources */ = {isa = PBXBuildFile; fileRef = B63A800B2BB2EB0900B23ED6 /* UIHelper.swift */; };
		B63A80112BB2EC8200B23ED6 /* PokemonCell.swift in Sources */ = {isa = PBXBuildFile; fileRef = B63A80102BB2EC8200B23ED6 /* PokemonCell.swift */; };
		B63A80142BB2EE1A00B23ED6 /* UIView+Ext.swift in Sources */ = {isa = PBXBuildFile; fileRef = B63A80132BB2EE1A00B23ED6 /* UIView+Ext.swift */; };
		B63A80172BB2F03700B23ED6 /* PUAvatarImageView.swift in Sources */ = {isa = PBXBuildFile; fileRef = B63A80162BB2F03700B23ED6 /* PUAvatarImageView.swift */; };
		B63A801A2BB2FE9B00B23ED6 /* PUTitleLabel.swift in Sources */ = {isa = PBXBuildFile; fileRef = B63A80192BB2FE9B00B23ED6 /* PUTitleLabel.swift */; };
		B63A801C2BB34ADE00B23ED6 /* PokemonDetail.swift in Sources */ = {isa = PBXBuildFile; fileRef = B63A801B2BB34ADE00B23ED6 /* PokemonDetail.swift */; };
		B63A801E2BB3512F00B23ED6 /* CombinedPokemon.swift in Sources */ = {isa = PBXBuildFile; fileRef = B63A801D2BB3512F00B23ED6 /* CombinedPokemon.swift */; };
		B63A80202BB3669200B23ED6 /* CGFloat+Ext.swift in Sources */ = {isa = PBXBuildFile; fileRef = B63A801F2BB3669200B23ED6 /* CGFloat+Ext.swift */; };
/* End PBXBuildFile section */

/* Begin PBXFileReference section */
		B63A7FD32BB2989000B23ED6 /* Pokemon-Universe.app */ = {isa = PBXFileReference; explicitFileType = wrapper.application; includeInIndex = 0; path = "Pokemon-Universe.app"; sourceTree = BUILT_PRODUCTS_DIR; };
		B63A7FD62BB2989000B23ED6 /* AppDelegate.swift */ = {isa = PBXFileReference; lastKnownFileType = sourcecode.swift; path = AppDelegate.swift; sourceTree = "<group>"; };
		B63A7FD82BB2989000B23ED6 /* SceneDelegate.swift */ = {isa = PBXFileReference; lastKnownFileType = sourcecode.swift; path = SceneDelegate.swift; sourceTree = "<group>"; };
		B63A7FDF2BB2989100B23ED6 /* Assets.xcassets */ = {isa = PBXFileReference; lastKnownFileType = folder.assetcatalog; path = Assets.xcassets; sourceTree = "<group>"; };
		B63A7FE22BB2989100B23ED6 /* Base */ = {isa = PBXFileReference; lastKnownFileType = file.storyboard; name = Base; path = Base.lproj/LaunchScreen.storyboard; sourceTree = "<group>"; };
		B63A7FE42BB2989100B23ED6 /* Info.plist */ = {isa = PBXFileReference; lastKnownFileType = text.plist.xml; path = Info.plist; sourceTree = "<group>"; };
		B63A7FED2BB2A18C00B23ED6 /* PUTabBarController.swift */ = {isa = PBXFileReference; lastKnownFileType = sourcecode.swift; path = PUTabBarController.swift; sourceTree = "<group>"; };
		B63A7FF22BB2A2B300B23ED6 /* HomeVC.swift */ = {isa = PBXFileReference; lastKnownFileType = sourcecode.swift; path = HomeVC.swift; sourceTree = "<group>"; };
		B63A7FF42BB2A2C100B23ED6 /* FavoritesVC.swift */ = {isa = PBXFileReference; lastKnownFileType = sourcecode.swift; path = FavoritesVC.swift; sourceTree = "<group>"; };
		B63A7FF82BB2A9BF00B23ED6 /* CoreService.swift */ = {isa = PBXFileReference; lastKnownFileType = sourcecode.swift; path = CoreService.swift; sourceTree = "<group>"; };
		B63A7FFA2BB2B70900B23ED6 /* NetworkError.swift */ = {isa = PBXFileReference; lastKnownFileType = sourcecode.swift; path = NetworkError.swift; sourceTree = "<group>"; };
		B63A80002BB2BB9000B23ED6 /* PokemonService.swift */ = {isa = PBXFileReference; lastKnownFileType = sourcecode.swift; path = PokemonService.swift; sourceTree = "<group>"; };
		B63A80022BB2BBA700B23ED6 /* PokemonEndpoint.swift */ = {isa = PBXFileReference; lastKnownFileType = sourcecode.swift; path = PokemonEndpoint.swift; sourceTree = "<group>"; };
		B63A80062BB2CD0400B23ED6 /* Pokemon.swift */ = {isa = PBXFileReference; lastKnownFileType = sourcecode.swift; path = Pokemon.swift; sourceTree = "<group>"; };
		B63A80082BB2E99E00B23ED6 /* HomeVM.swift */ = {isa = PBXFileReference; lastKnownFileType = sourcecode.swift; path = HomeVM.swift; sourceTree = "<group>"; };
		B63A800B2BB2EB0900B23ED6 /* UIHelper.swift */ = {isa = PBXFileReference; lastKnownFileType = sourcecode.swift; path = UIHelper.swift; sourceTree = "<group>"; };
		B63A80102BB2EC8200B23ED6 /* PokemonCell.swift */ = {isa = PBXFileReference; lastKnownFileType = sourcecode.swift; path = PokemonCell.swift; sourceTree = "<group>"; };
		B63A80132BB2EE1A00B23ED6 /* UIView+Ext.swift */ = {isa = PBXFileReference; lastKnownFileType = sourcecode.swift; path = "UIView+Ext.swift"; sourceTree = "<group>"; };
		B63A80162BB2F03700B23ED6 /* PUAvatarImageView.swift */ = {isa = PBXFileReference; lastKnownFileType = sourcecode.swift; path = PUAvatarImageView.swift; sourceTree = "<group>"; };
		B63A80192BB2FE9B00B23ED6 /* PUTitleLabel.swift */ = {isa = PBXFileReference; lastKnownFileType = sourcecode.swift; path = PUTitleLabel.swift; sourceTree = "<group>"; };
		B63A801B2BB34ADE00B23ED6 /* PokemonDetail.swift */ = {isa = PBXFileReference; lastKnownFileType = sourcecode.swift; path = PokemonDetail.swift; sourceTree = "<group>"; };
		B63A801D2BB3512F00B23ED6 /* CombinedPokemon.swift */ = {isa = PBXFileReference; lastKnownFileType = sourcecode.swift; path = CombinedPokemon.swift; sourceTree = "<group>"; };
		B63A801F2BB3669200B23ED6 /* CGFloat+Ext.swift */ = {isa = PBXFileReference; lastKnownFileType = sourcecode.swift; path = "CGFloat+Ext.swift"; sourceTree = "<group>"; };
/* End PBXFileReference section */

/* Begin PBXFrameworksBuildPhase section */
		B63A7FD02BB2989000B23ED6 /* Frameworks */ = {
			isa = PBXFrameworksBuildPhase;
			buildActionMask = 2147483647;
			files = (
			);
			runOnlyForDeploymentPostprocessing = 0;
		};
/* End PBXFrameworksBuildPhase section */

/* Begin PBXGroup section */
		B63A7FCA2BB2989000B23ED6 = {
			isa = PBXGroup;
			children = (
				B63A7FD52BB2989000B23ED6 /* Pokemon-Universe */,
				B63A7FD42BB2989000B23ED6 /* Products */,
			);
			sourceTree = "<group>";
		};
		B63A7FD42BB2989000B23ED6 /* Products */ = {
			isa = PBXGroup;
			children = (
				B63A7FD32BB2989000B23ED6 /* Pokemon-Universe.app */,
			);
			name = Products;
			sourceTree = "<group>";
		};
		B63A7FD52BB2989000B23ED6 /* Pokemon-Universe */ = {
			isa = PBXGroup;
			children = (
				B63A80122BB2EE0B00B23ED6 /* Extensions */,
				B63A800A2BB2EAF700B23ED6 /* Utilities */,
				B63A7FF62BB2A76A00B23ED6 /* Network */,
				B63A7FFC2BB2BACF00B23ED6 /* Model */,
				B63A7FEB2BB2A13E00B23ED6 /* Custom Views */,
				B63A7FEF2BB2A28900B23ED6 /* Scenes */,
				B63A7FEA2BB2A13100B23ED6 /* Application */,
				B63A7FE42BB2989100B23ED6 /* Info.plist */,
			);
			path = "Pokemon-Universe";
			sourceTree = "<group>";
		};
		B63A7FEA2BB2A13100B23ED6 /* Application */ = {
			isa = PBXGroup;
			children = (
				B63A7FD62BB2989000B23ED6 /* AppDelegate.swift */,
				B63A7FD82BB2989000B23ED6 /* SceneDelegate.swift */,
				B63A7FDF2BB2989100B23ED6 /* Assets.xcassets */,
				B63A7FE12BB2989100B23ED6 /* LaunchScreen.storyboard */,
			);
			path = Application;
			sourceTree = "<group>";
		};
		B63A7FEB2BB2A13E00B23ED6 /* Custom Views */ = {
			isa = PBXGroup;
			children = (
				B63A80182BB2FE7E00B23ED6 /* Labels */,
				B63A80152BB2F01F00B23ED6 /* ImageViews */,
				B63A800D2BB2EC3700B23ED6 /* Cells */,
				B63A7FEC2BB2A14E00B23ED6 /* TabBarControllers */,
			);
			path = "Custom Views";
			sourceTree = "<group>";
		};
		B63A7FEC2BB2A14E00B23ED6 /* TabBarControllers */ = {
			isa = PBXGroup;
			children = (
				B63A7FED2BB2A18C00B23ED6 /* PUTabBarController.swift */,
			);
			path = TabBarControllers;
			sourceTree = "<group>";
		};
		B63A7FEF2BB2A28900B23ED6 /* Scenes */ = {
			isa = PBXGroup;
			children = (
				B63A7FF02BB2A29000B23ED6 /* Home */,
				B63A7FF12BB2A29500B23ED6 /* Favorites */,
			);
			path = Scenes;
			sourceTree = "<group>";
		};
		B63A7FF02BB2A29000B23ED6 /* Home */ = {
			isa = PBXGroup;
			children = (
				B63A7FF22BB2A2B300B23ED6 /* HomeVC.swift */,
				B63A80082BB2E99E00B23ED6 /* HomeVM.swift */,
			);
			path = Home;
			sourceTree = "<group>";
		};
		B63A7FF12BB2A29500B23ED6 /* Favorites */ = {
			isa = PBXGroup;
			children = (
				B63A7FF42BB2A2C100B23ED6 /* FavoritesVC.swift */,
			);
			path = Favorites;
			sourceTree = "<group>";
		};
		B63A7FF62BB2A76A00B23ED6 /* Network */ = {
			isa = PBXGroup;
			children = (
				B63A7FFF2BB2BB6E00B23ED6 /* PokemonService */,
				B63A7FF72BB2A77300B23ED6 /* CoreService */,
			);
			path = Network;
			sourceTree = "<group>";
		};
		B63A7FF72BB2A77300B23ED6 /* CoreService */ = {
			isa = PBXGroup;
			children = (
				B63A7FF82BB2A9BF00B23ED6 /* CoreService.swift */,
				B63A7FFA2BB2B70900B23ED6 /* NetworkError.swift */,
			);
			path = CoreService;
			sourceTree = "<group>";
		};
		B63A7FFC2BB2BACF00B23ED6 /* Model */ = {
			isa = PBXGroup;
			children = (
				B63A80062BB2CD0400B23ED6 /* Pokemon.swift */,
				B63A801B2BB34ADE00B23ED6 /* PokemonDetail.swift */,
				B63A801D2BB3512F00B23ED6 /* CombinedPokemon.swift */,
			);
			path = Model;
			sourceTree = "<group>";
		};
		B63A7FFF2BB2BB6E00B23ED6 /* PokemonService */ = {
			isa = PBXGroup;
			children = (
				B63A80002BB2BB9000B23ED6 /* PokemonService.swift */,
				B63A80022BB2BBA700B23ED6 /* PokemonEndpoint.swift */,
			);
			path = PokemonService;
			sourceTree = "<group>";
		};
		B63A800A2BB2EAF700B23ED6 /* Utilities */ = {
			isa = PBXGroup;
			children = (
				B63A800B2BB2EB0900B23ED6 /* UIHelper.swift */,
			);
			path = Utilities;
			sourceTree = "<group>";
		};
		B63A800D2BB2EC3700B23ED6 /* Cells */ = {
			isa = PBXGroup;
			children = (
				B63A80102BB2EC8200B23ED6 /* PokemonCell.swift */,
			);
			path = Cells;
			sourceTree = "<group>";
		};
		B63A80122BB2EE0B00B23ED6 /* Extensions */ = {
			isa = PBXGroup;
			children = (
				B63A80132BB2EE1A00B23ED6 /* UIView+Ext.swift */,
				B63A801F2BB3669200B23ED6 /* CGFloat+Ext.swift */,
			);
			path = Extensions;
			sourceTree = "<group>";
		};
		B63A80152BB2F01F00B23ED6 /* ImageViews */ = {
			isa = PBXGroup;
			children = (
				B63A80162BB2F03700B23ED6 /* PUAvatarImageView.swift */,
			);
			path = ImageViews;
			sourceTree = "<group>";
		};
		B63A80182BB2FE7E00B23ED6 /* Labels */ = {
			isa = PBXGroup;
			children = (
				B63A80192BB2FE9B00B23ED6 /* PUTitleLabel.swift */,
			);
			path = Labels;
			sourceTree = "<group>";
		};
/* End PBXGroup section */

/* Begin PBXNativeTarget section */
		B63A7FD22BB2989000B23ED6 /* Pokemon-Universe */ = {
			isa = PBXNativeTarget;
			buildConfigurationList = B63A7FE72BB2989100B23ED6 /* Build configuration list for PBXNativeTarget "Pokemon-Universe" */;
			buildPhases = (
				B63A7FCF2BB2989000B23ED6 /* Sources */,
				B63A7FD02BB2989000B23ED6 /* Frameworks */,
				B63A7FD12BB2989000B23ED6 /* Resources */,
			);
			buildRules = (
			);
			dependencies = (
			);
			name = "Pokemon-Universe";
			productName = "Pokemon-Universe";
			productReference = B63A7FD32BB2989000B23ED6 /* Pokemon-Universe.app */;
			productType = "com.apple.product-type.application";
		};
/* End PBXNativeTarget section */

/* Begin PBXProject section */
		B63A7FCB2BB2989000B23ED6 /* Project object */ = {
			isa = PBXProject;
			attributes = {
				BuildIndependentTargetsInParallel = 1;
				LastSwiftUpdateCheck = 1520;
				LastUpgradeCheck = 1520;
				TargetAttributes = {
					B63A7FD22BB2989000B23ED6 = {
						CreatedOnToolsVersion = 15.2;
					};
				};
			};
			buildConfigurationList = B63A7FCE2BB2989000B23ED6 /* Build configuration list for PBXProject "Pokemon-Universe" */;
			compatibilityVersion = "Xcode 14.0";
			developmentRegion = en;
			hasScannedForEncodings = 0;
			knownRegions = (
				en,
				Base,
			);
			mainGroup = B63A7FCA2BB2989000B23ED6;
			productRefGroup = B63A7FD42BB2989000B23ED6 /* Products */;
			projectDirPath = "";
			projectRoot = "";
			targets = (
				B63A7FD22BB2989000B23ED6 /* Pokemon-Universe */,
			);
		};
/* End PBXProject section */

/* Begin PBXResourcesBuildPhase section */
		B63A7FD12BB2989000B23ED6 /* Resources */ = {
			isa = PBXResourcesBuildPhase;
			buildActionMask = 2147483647;
			files = (
				B63A7FE32BB2989100B23ED6 /* LaunchScreen.storyboard in Resources */,
				B63A7FE02BB2989100B23ED6 /* Assets.xcassets in Resources */,
			);
			runOnlyForDeploymentPostprocessing = 0;
		};
/* End PBXResourcesBuildPhase section */

/* Begin PBXSourcesBuildPhase section */
		B63A7FCF2BB2989000B23ED6 /* Sources */ = {
			isa = PBXSourcesBuildPhase;
			buildActionMask = 2147483647;
			files = (
				B63A800C2BB2EB0900B23ED6 /* UIHelper.swift in Sources */,
				B63A80032BB2BBA700B23ED6 /* PokemonEndpoint.swift in Sources */,
				B63A80142BB2EE1A00B23ED6 /* UIView+Ext.swift in Sources */,
				B63A7FEE2BB2A18C00B23ED6 /* PUTabBarController.swift in Sources */,
				B63A80172BB2F03700B23ED6 /* PUAvatarImageView.swift in Sources */,
				B63A7FFB2BB2B70900B23ED6 /* NetworkError.swift in Sources */,
				B63A801A2BB2FE9B00B23ED6 /* PUTitleLabel.swift in Sources */,
				B63A80092BB2E99E00B23ED6 /* HomeVM.swift in Sources */,
				B63A80112BB2EC8200B23ED6 /* PokemonCell.swift in Sources */,
				B63A7FF32BB2A2B300B23ED6 /* HomeVC.swift in Sources */,
				B63A801E2BB3512F00B23ED6 /* CombinedPokemon.swift in Sources */,
				B63A7FF52BB2A2C100B23ED6 /* FavoritesVC.swift in Sources */,
				B63A80202BB3669200B23ED6 /* CGFloat+Ext.swift in Sources */,
				B63A80012BB2BB9000B23ED6 /* PokemonService.swift in Sources */,
				B63A80072BB2CD0400B23ED6 /* Pokemon.swift in Sources */,
				B63A7FD72BB2989000B23ED6 /* AppDelegate.swift in Sources */,
				B63A7FF92BB2A9BF00B23ED6 /* CoreService.swift in Sources */,
				B63A801C2BB34ADE00B23ED6 /* PokemonDetail.swift in Sources */,
				B63A7FD92BB2989000B23ED6 /* SceneDelegate.swift in Sources */,
			);
			runOnlyForDeploymentPostprocessing = 0;
		};
/* End PBXSourcesBuildPhase section */

/* Begin PBXVariantGroup section */
		B63A7FE12BB2989100B23ED6 /* LaunchScreen.storyboard */ = {
			isa = PBXVariantGroup;
			children = (
				B63A7FE22BB2989100B23ED6 /* Base */,
			);
			name = LaunchScreen.storyboard;
			sourceTree = "<group>";
		};
/* End PBXVariantGroup section */

/* Begin XCBuildConfiguration section */
		B63A7FE52BB2989100B23ED6 /* Debug */ = {
			isa = XCBuildConfiguration;
			buildSettings = {
				ALWAYS_SEARCH_USER_PATHS = NO;
				ASSETCATALOG_COMPILER_GENERATE_SWIFT_ASSET_SYMBOL_EXTENSIONS = YES;
				CLANG_ANALYZER_NONNULL = YES;
				CLANG_ANALYZER_NUMBER_OBJECT_CONVERSION = YES_AGGRESSIVE;
				CLANG_CXX_LANGUAGE_STANDARD = "gnu++20";
				CLANG_ENABLE_MODULES = YES;
				CLANG_ENABLE_OBJC_ARC = YES;
				CLANG_ENABLE_OBJC_WEAK = YES;
				CLANG_WARN_BLOCK_CAPTURE_AUTORELEASING = YES;
				CLANG_WARN_BOOL_CONVERSION = YES;
				CLANG_WARN_COMMA = YES;
				CLANG_WARN_CONSTANT_CONVERSION = YES;
				CLANG_WARN_DEPRECATED_OBJC_IMPLEMENTATIONS = YES;
				CLANG_WARN_DIRECT_OBJC_ISA_USAGE = YES_ERROR;
				CLANG_WARN_DOCUMENTATION_COMMENTS = YES;
				CLANG_WARN_EMPTY_BODY = YES;
				CLANG_WARN_ENUM_CONVERSION = YES;
				CLANG_WARN_INFINITE_RECURSION = YES;
				CLANG_WARN_INT_CONVERSION = YES;
				CLANG_WARN_NON_LITERAL_NULL_CONVERSION = YES;
				CLANG_WARN_OBJC_IMPLICIT_RETAIN_SELF = YES;
				CLANG_WARN_OBJC_LITERAL_CONVERSION = YES;
				CLANG_WARN_OBJC_ROOT_CLASS = YES_ERROR;
				CLANG_WARN_QUOTED_INCLUDE_IN_FRAMEWORK_HEADER = YES;
				CLANG_WARN_RANGE_LOOP_ANALYSIS = YES;
				CLANG_WARN_STRICT_PROTOTYPES = YES;
				CLANG_WARN_SUSPICIOUS_MOVE = YES;
				CLANG_WARN_UNGUARDED_AVAILABILITY = YES_AGGRESSIVE;
				CLANG_WARN_UNREACHABLE_CODE = YES;
				CLANG_WARN__DUPLICATE_METHOD_MATCH = YES;
				COPY_PHASE_STRIP = NO;
				DEBUG_INFORMATION_FORMAT = dwarf;
				ENABLE_STRICT_OBJC_MSGSEND = YES;
				ENABLE_TESTABILITY = YES;
				ENABLE_USER_SCRIPT_SANDBOXING = YES;
				GCC_C_LANGUAGE_STANDARD = gnu17;
				GCC_DYNAMIC_NO_PIC = NO;
				GCC_NO_COMMON_BLOCKS = YES;
				GCC_OPTIMIZATION_LEVEL = 0;
				GCC_PREPROCESSOR_DEFINITIONS = (
					"DEBUG=1",
					"$(inherited)",
				);
				GCC_WARN_64_TO_32_BIT_CONVERSION = YES;
				GCC_WARN_ABOUT_RETURN_TYPE = YES_ERROR;
				GCC_WARN_UNDECLARED_SELECTOR = YES;
				GCC_WARN_UNINITIALIZED_AUTOS = YES_AGGRESSIVE;
				GCC_WARN_UNUSED_FUNCTION = YES;
				GCC_WARN_UNUSED_VARIABLE = YES;
				IPHONEOS_DEPLOYMENT_TARGET = 15.0;
				LOCALIZATION_PREFERS_STRING_CATALOGS = YES;
				MTL_ENABLE_DEBUG_INFO = INCLUDE_SOURCE;
				MTL_FAST_MATH = YES;
				ONLY_ACTIVE_ARCH = YES;
				SDKROOT = iphoneos;
				SWIFT_ACTIVE_COMPILATION_CONDITIONS = "DEBUG $(inherited)";
				SWIFT_OPTIMIZATION_LEVEL = "-Onone";
			};
			name = Debug;
		};
		B63A7FE62BB2989100B23ED6 /* Release */ = {
			isa = XCBuildConfiguration;
			buildSettings = {
				ALWAYS_SEARCH_USER_PATHS = NO;
				ASSETCATALOG_COMPILER_GENERATE_SWIFT_ASSET_SYMBOL_EXTENSIONS = YES;
				CLANG_ANALYZER_NONNULL = YES;
				CLANG_ANALYZER_NUMBER_OBJECT_CONVERSION = YES_AGGRESSIVE;
				CLANG_CXX_LANGUAGE_STANDARD = "gnu++20";
				CLANG_ENABLE_MODULES = YES;
				CLANG_ENABLE_OBJC_ARC = YES;
				CLANG_ENABLE_OBJC_WEAK = YES;
				CLANG_WARN_BLOCK_CAPTURE_AUTORELEASING = YES;
				CLANG_WARN_BOOL_CONVERSION = YES;
				CLANG_WARN_COMMA = YES;
				CLANG_WARN_CONSTANT_CONVERSION = YES;
				CLANG_WARN_DEPRECATED_OBJC_IMPLEMENTATIONS = YES;
				CLANG_WARN_DIRECT_OBJC_ISA_USAGE = YES_ERROR;
				CLANG_WARN_DOCUMENTATION_COMMENTS = YES;
				CLANG_WARN_EMPTY_BODY = YES;
				CLANG_WARN_ENUM_CONVERSION = YES;
				CLANG_WARN_INFINITE_RECURSION = YES;
				CLANG_WARN_INT_CONVERSION = YES;
				CLANG_WARN_NON_LITERAL_NULL_CONVERSION = YES;
				CLANG_WARN_OBJC_IMPLICIT_RETAIN_SELF = YES;
				CLANG_WARN_OBJC_LITERAL_CONVERSION = YES;
				CLANG_WARN_OBJC_ROOT_CLASS = YES_ERROR;
				CLANG_WARN_QUOTED_INCLUDE_IN_FRAMEWORK_HEADER = YES;
				CLANG_WARN_RANGE_LOOP_ANALYSIS = YES;
				CLANG_WARN_STRICT_PROTOTYPES = YES;
				CLANG_WARN_SUSPICIOUS_MOVE = YES;
				CLANG_WARN_UNGUARDED_AVAILABILITY = YES_AGGRESSIVE;
				CLANG_WARN_UNREACHABLE_CODE = YES;
				CLANG_WARN__DUPLICATE_METHOD_MATCH = YES;
				COPY_PHASE_STRIP = NO;
				DEBUG_INFORMATION_FORMAT = "dwarf-with-dsym";
				ENABLE_NS_ASSERTIONS = NO;
				ENABLE_STRICT_OBJC_MSGSEND = YES;
				ENABLE_USER_SCRIPT_SANDBOXING = YES;
				GCC_C_LANGUAGE_STANDARD = gnu17;
				GCC_NO_COMMON_BLOCKS = YES;
				GCC_WARN_64_TO_32_BIT_CONVERSION = YES;
				GCC_WARN_ABOUT_RETURN_TYPE = YES_ERROR;
				GCC_WARN_UNDECLARED_SELECTOR = YES;
				GCC_WARN_UNINITIALIZED_AUTOS = YES_AGGRESSIVE;
				GCC_WARN_UNUSED_FUNCTION = YES;
				GCC_WARN_UNUSED_VARIABLE = YES;
				IPHONEOS_DEPLOYMENT_TARGET = 15.0;
				LOCALIZATION_PREFERS_STRING_CATALOGS = YES;
				MTL_ENABLE_DEBUG_INFO = NO;
				MTL_FAST_MATH = YES;
				SDKROOT = iphoneos;
				SWIFT_COMPILATION_MODE = wholemodule;
				VALIDATE_PRODUCT = YES;
			};
			name = Release;
		};
		B63A7FE82BB2989100B23ED6 /* Debug */ = {
			isa = XCBuildConfiguration;
			buildSettings = {
				ASSETCATALOG_COMPILER_APPICON_NAME = AppIcon;
				ASSETCATALOG_COMPILER_GLOBAL_ACCENT_COLOR_NAME = AccentColor;
				CODE_SIGN_STYLE = Automatic;
				CURRENT_PROJECT_VERSION = 1;
				DEVELOPMENT_TEAM = VPZ673SNB7;
				GENERATE_INFOPLIST_FILE = YES;
				INFOPLIST_FILE = "Pokemon-Universe/Info.plist";
				INFOPLIST_KEY_UIApplicationSupportsIndirectInputEvents = YES;
				INFOPLIST_KEY_UILaunchStoryboardName = LaunchScreen;
				INFOPLIST_KEY_UISupportedInterfaceOrientations_iPad = "UIInterfaceOrientationPortrait UIInterfaceOrientationPortraitUpsideDown UIInterfaceOrientationLandscapeLeft UIInterfaceOrientationLandscapeRight";
				INFOPLIST_KEY_UISupportedInterfaceOrientations_iPhone = "UIInterfaceOrientationPortrait UIInterfaceOrientationLandscapeLeft UIInterfaceOrientationLandscapeRight";
				IPHONEOS_DEPLOYMENT_TARGET = 15.0;
				LD_RUNPATH_SEARCH_PATHS = (
					"$(inherited)",
					"@executable_path/Frameworks",
				);
				MARKETING_VERSION = 1.0;
				PRODUCT_BUNDLE_IDENTIFIER = "dev.oemurlu.Pokemon-Universe";
				PRODUCT_NAME = "$(TARGET_NAME)";
				SWIFT_EMIT_LOC_STRINGS = YES;
				SWIFT_VERSION = 5.0;
				TARGETED_DEVICE_FAMILY = "1,2";
			};
			name = Debug;
		};
		B63A7FE92BB2989100B23ED6 /* Release */ = {
			isa = XCBuildConfiguration;
			buildSettings = {
				ASSETCATALOG_COMPILER_APPICON_NAME = AppIcon;
				ASSETCATALOG_COMPILER_GLOBAL_ACCENT_COLOR_NAME = AccentColor;
				CODE_SIGN_STYLE = Automatic;
				CURRENT_PROJECT_VERSION = 1;
				DEVELOPMENT_TEAM = VPZ673SNB7;
				GENERATE_INFOPLIST_FILE = YES;
				INFOPLIST_FILE = "Pokemon-Universe/Info.plist";
				INFOPLIST_KEY_UIApplicationSupportsIndirectInputEvents = YES;
				INFOPLIST_KEY_UILaunchStoryboardName = LaunchScreen;
				INFOPLIST_KEY_UISupportedInterfaceOrientations_iPad = "UIInterfaceOrientationPortrait UIInterfaceOrientationPortraitUpsideDown UIInterfaceOrientationLandscapeLeft UIInterfaceOrientationLandscapeRight";
				INFOPLIST_KEY_UISupportedInterfaceOrientations_iPhone = "UIInterfaceOrientationPortrait UIInterfaceOrientationLandscapeLeft UIInterfaceOrientationLandscapeRight";
				IPHONEOS_DEPLOYMENT_TARGET = 15.0;
				LD_RUNPATH_SEARCH_PATHS = (
					"$(inherited)",
					"@executable_path/Frameworks",
				);
				MARKETING_VERSION = 1.0;
				PRODUCT_BUNDLE_IDENTIFIER = "dev.oemurlu.Pokemon-Universe";
				PRODUCT_NAME = "$(TARGET_NAME)";
				SWIFT_EMIT_LOC_STRINGS = YES;
				SWIFT_VERSION = 5.0;
				TARGETED_DEVICE_FAMILY = "1,2";
			};
			name = Release;
		};
/* End XCBuildConfiguration section */

/* Begin XCConfigurationList section */
		B63A7FCE2BB2989000B23ED6 /* Build configuration list for PBXProject "Pokemon-Universe" */ = {
			isa = XCConfigurationList;
			buildConfigurations = (
				B63A7FE52BB2989100B23ED6 /* Debug */,
				B63A7FE62BB2989100B23ED6 /* Release */,
			);
			defaultConfigurationIsVisible = 0;
			defaultConfigurationName = Release;
		};
		B63A7FE72BB2989100B23ED6 /* Build configuration list for PBXNativeTarget "Pokemon-Universe" */ = {
			isa = XCConfigurationList;
			buildConfigurations = (
				B63A7FE82BB2989100B23ED6 /* Debug */,
				B63A7FE92BB2989100B23ED6 /* Release */,
			);
			defaultConfigurationIsVisible = 0;
			defaultConfigurationName = Release;
		};
/* End XCConfigurationList section */
	};
	rootObject = B63A7FCB2BB2989000B23ED6 /* Project object */;
}
